
Microsoft Visual Studio Solution File, Format Version 12.00
# Visual Studio Version 16
VisualStudioVersion = 16.0.31112.23
MinimumVisualStudioVersion = 10.0.40219.1
Project("{FAE04EC0-301F-11D3-BF4B-00C04F79EFBC}") = "LabelTrans", "LabelTrans\LabelTrans.csproj", "{CDC8F055-1DC8-421A-B50F-75542A8025A2}"
EndProject
Global
	GlobalSection(SolutionConfigurationPlatforms) = preSolution
		Debug|Any CPU = Debug|Any CPU
		Release|Any CPU = Release|Any CPU
	EndGlobalSection
	GlobalSection(ProjectConfigurationPlatforms) = postSolution
		{CDC8F055-1DC8-421A-B50F-75542A8025A2}.Debug|Any CPU.ActiveCfg = Debug|Any CPU
		{CDC8F055-1DC8-421A-B50F-75542A8025A2}.Debug|Any CPU.Build.0 = Debug|Any CPU
		{CDC8F055-1DC8-421A-B50F-75542A8025A2}.Release|Any CPU.ActiveCfg = Release|Any CPU
		{CDC8F055-1DC8-421A-B50F-75542A8025A2}.Release|Any CPU.Build.0 = Release|Any CPU
	EndGlobalSection
	GlobalSection(SolutionProperties) = preSolution
		HideSolutionNode = FALSE
	EndGlobalSection
	GlobalSection(ExtensibilityGlobals) = postSolution
		SolutionGuid = {4D74E780-204B-4294-AB30-92EEB39F48F1}
	EndGlobalSection
EndGlobal
